// !$*UTF8*$!
{
	archiveVersion = 1;
	classes = {
	};
	objectVersion = 50;
	objects = {

/* Begin PBXBuildFile section */
		912F52CA26035E8D0043397E /* AllCommunityTableViewCell.swift in Sources */ = {isa = PBXBuildFile; fileRef = 912F52C926035E8D0043397E /* AllCommunityTableViewCell.swift */; };
		912F52CD2603B8180043397E /* CustomImage.swift in Sources */ = {isa = PBXBuildFile; fileRef = 912F52CC2603B8180043397E /* CustomImage.swift */; };
		9150D301260482C900247944 /* NewControl.swift in Sources */ = {isa = PBXBuildFile; fileRef = 9150D300260482C900247944 /* NewControl.swift */; };
		915E28D22600786B00E53974 /* LoginViewController.swift in Sources */ = {isa = PBXBuildFile; fileRef = 915E28D12600786B00E53974 /* LoginViewController.swift */; };
		916053BA2603E23800A98272 /* PostTableViewCell.swift in Sources */ = {isa = PBXBuildFile; fileRef = 916053B82603E23800A98272 /* PostTableViewCell.swift */; };
		916053BB2603E23800A98272 /* PostTableViewCell.xib in Resources */ = {isa = PBXBuildFile; fileRef = 916053B92603E23800A98272 /* PostTableViewCell.xib */; };
		916053BE2603E6E100A98272 /* LikeControll.swift in Sources */ = {isa = PBXBuildFile; fileRef = 916053BD2603E6E100A98272 /* LikeControll.swift */; };
		916053C72603F18000A98272 /* HomeTableViewController.swift in Sources */ = {isa = PBXBuildFile; fileRef = 916053C62603F18000A98272 /* HomeTableViewController.swift */; };
		916053CF260409DB00A98272 /* HorizontalControl.swift in Sources */ = {isa = PBXBuildFile; fileRef = 916053CE260409DB00A98272 /* HorizontalControl.swift */; };
		916053D42604638E00A98272 /* FeedViewController.swift in Sources */ = {isa = PBXBuildFile; fileRef = 916053D32604638E00A98272 /* FeedViewController.swift */; };
		916053D82604794000A98272 /* VerticalControl.swift in Sources */ = {isa = PBXBuildFile; fileRef = 916053D72604794000A98272 /* VerticalControl.swift */; };
		91719C732601266B00D87B2F /* TabBarViewController.swift in Sources */ = {isa = PBXBuildFile; fileRef = 91719C722601266B00D87B2F /* TabBarViewController.swift */; };
		91719C7B2602891400D87B2F /* FriendsListTableViewCell.xib in Resources */ = {isa = PBXBuildFile; fileRef = 91719C792602891400D87B2F /* FriendsListTableViewCell.xib */; };
		91719C7F2602931700D87B2F /* Model.swift in Sources */ = {isa = PBXBuildFile; fileRef = 91719C7E2602931700D87B2F /* Model.swift */; };
		91719C82260314FA00D87B2F /* DetailCollectionViewController.swift in Sources */ = {isa = PBXBuildFile; fileRef = 91719C81260314FA00D87B2F /* DetailCollectionViewController.swift */; };
		91719C8B260315E600D87B2F /* FriendsListTableViewCell.swift in Sources */ = {isa = PBXBuildFile; fileRef = 91719C8A260315E600D87B2F /* FriendsListTableViewCell.swift */; };
		91719C8F2603160500D87B2F /* FeedTableViewController.swift in Sources */ = {isa = PBXBuildFile; fileRef = 91719C8E2603160500D87B2F /* FeedTableViewController.swift */; };
		91719C94260319BB00D87B2F /* PodrobnoCollectionViewCell.swift in Sources */ = {isa = PBXBuildFile; fileRef = 91719C92260319BB00D87B2F /* PodrobnoCollectionViewCell.swift */; };
		91719C95260319BB00D87B2F /* PodrobnoCollectionViewCell.xib in Resources */ = {isa = PBXBuildFile; fileRef = 91719C93260319BB00D87B2F /* PodrobnoCollectionViewCell.xib */; };
		91719C9A26032FC700D87B2F /* CommunityTableViewController.swift in Sources */ = {isa = PBXBuildFile; fileRef = 91719C9926032FC700D87B2F /* CommunityTableViewController.swift */; };
		91719C9F26032FEB00D87B2F /* CommunityTableViewCell.swift in Sources */ = {isa = PBXBuildFile; fileRef = 91719C9D26032FEB00D87B2F /* CommunityTableViewCell.swift */; };
		91719CA026032FEB00D87B2F /* CommunityTableViewCell.xib in Resources */ = {isa = PBXBuildFile; fileRef = 91719C9E26032FEB00D87B2F /* CommunityTableViewCell.xib */; };
		91719CA32603351C00D87B2F /* NewCommunityTableViewController.swift in Sources */ = {isa = PBXBuildFile; fileRef = 91719CA22603351C00D87B2F /* NewCommunityTableViewController.swift */; };
		9172C29A260091D70050C33D /* SecondViewController.swift in Sources */ = {isa = PBXBuildFile; fileRef = 9172C299260091D70050C33D /* SecondViewController.swift */; };
		91B9DC9B25FF784A00E49F0E /* AppDelegate.swift in Sources */ = {isa = PBXBuildFile; fileRef = 91B9DC9A25FF784A00E49F0E /* AppDelegate.swift */; };
		91B9DC9D25FF784A00E49F0E /* SceneDelegate.swift in Sources */ = {isa = PBXBuildFile; fileRef = 91B9DC9C25FF784A00E49F0E /* SceneDelegate.swift */; };
		91B9DCA225FF784A00E49F0E /* Main.storyboard in Resources */ = {isa = PBXBuildFile; fileRef = 91B9DCA025FF784A00E49F0E /* Main.storyboard */; };
		91B9DCA425FF784C00E49F0E /* Assets.xcassets in Resources */ = {isa = PBXBuildFile; fileRef = 91B9DCA325FF784C00E49F0E /* Assets.xcassets */; };
		91B9DCA725FF784C00E49F0E /* LaunchScreen.storyboard in Resources */ = {isa = PBXBuildFile; fileRef = 91B9DCA525FF784C00E49F0E /* LaunchScreen.storyboard */; };
/* End PBXBuildFile section */

/* Begin PBXFileReference section */
		912F52C926035E8D0043397E /* AllCommunityTableViewCell.swift */ = {isa = PBXFileReference; lastKnownFileType = sourcecode.swift; path = AllCommunityTableViewCell.swift; sourceTree = "<group>"; };
		912F52CC2603B8180043397E /* CustomImage.swift */ = {isa = PBXFileReference; lastKnownFileType = sourcecode.swift; path = CustomImage.swift; sourceTree = "<group>"; };
		9150D300260482C900247944 /* NewControl.swift */ = {isa = PBXFileReference; lastKnownFileType = sourcecode.swift; path = NewControl.swift; sourceTree = SOURCE_ROOT; };
		915E28D12600786B00E53974 /* LoginViewController.swift */ = {isa = PBXFileReference; lastKnownFileType = sourcecode.swift; path = LoginViewController.swift; sourceTree = "<group>"; };
		916053B82603E23800A98272 /* PostTableViewCell.swift */ = {isa = PBXFileReference; lastKnownFileType = sourcecode.swift; path = PostTableViewCell.swift; sourceTree = "<group>"; };
		916053B92603E23800A98272 /* PostTableViewCell.xib */ = {isa = PBXFileReference; lastKnownFileType = file.xib; path = PostTableViewCell.xib; sourceTree = "<group>"; };
		916053BD2603E6E100A98272 /* LikeControll.swift */ = {isa = PBXFileReference; lastKnownFileType = sourcecode.swift; path = LikeControll.swift; sourceTree = "<group>"; };
		916053C62603F18000A98272 /* HomeTableViewController.swift */ = {isa = PBXFileReference; lastKnownFileType = sourcecode.swift; name = HomeTableViewController.swift; path = VKApp/TableViewCell/XibFiles/HomeTableViewController.swift; sourceTree = SOURCE_ROOT; };
		916053CE260409DB00A98272 /* HorizontalControl.swift */ = {isa = PBXFileReference; lastKnownFileType = sourcecode.swift; path = HorizontalControl.swift; sourceTree = "<group>"; };
		916053D32604638E00A98272 /* FeedViewController.swift */ = {isa = PBXFileReference; lastKnownFileType = sourcecode.swift; name = FeedViewController.swift; path = VKApp/TableViewCell/XibFiles/FeedViewController.swift; sourceTree = SOURCE_ROOT; };
		916053D72604794000A98272 /* VerticalControl.swift */ = {isa = PBXFileReference; lastKnownFileType = sourcecode.swift; path = VerticalControl.swift; sourceTree = "<group>"; };
		91719C722601266B00D87B2F /* TabBarViewController.swift */ = {isa = PBXFileReference; lastKnownFileType = sourcecode.swift; path = TabBarViewController.swift; sourceTree = "<group>"; };
		91719C792602891400D87B2F /* FriendsListTableViewCell.xib */ = {isa = PBXFileReference; lastKnownFileType = file.xib; path = FriendsListTableViewCell.xib; sourceTree = "<group>"; };
		91719C7E2602931700D87B2F /* Model.swift */ = {isa = PBXFileReference; lastKnownFileType = sourcecode.swift; path = Model.swift; sourceTree = "<group>"; };
		91719C81260314FA00D87B2F /* DetailCollectionViewController.swift */ = {isa = PBXFileReference; lastKnownFileType = sourcecode.swift; path = DetailCollectionViewController.swift; sourceTree = "<group>"; };
		91719C8A260315E600D87B2F /* FriendsListTableViewCell.swift */ = {isa = PBXFileReference; fileEncoding = 4; lastKnownFileType = sourcecode.swift; path = FriendsListTableViewCell.swift; sourceTree = "<group>"; };
		91719C8E2603160500D87B2F /* FeedTableViewController.swift */ = {isa = PBXFileReference; fileEncoding = 4; lastKnownFileType = sourcecode.swift; path = FeedTableViewController.swift; sourceTree = "<group>"; };
		91719C92260319BB00D87B2F /* PodrobnoCollectionViewCell.swift */ = {isa = PBXFileReference; lastKnownFileType = sourcecode.swift; path = PodrobnoCollectionViewCell.swift; sourceTree = "<group>"; };
		91719C93260319BB00D87B2F /* PodrobnoCollectionViewCell.xib */ = {isa = PBXFileReference; lastKnownFileType = file.xib; path = PodrobnoCollectionViewCell.xib; sourceTree = "<group>"; };
		91719C9926032FC700D87B2F /* CommunityTableViewController.swift */ = {isa = PBXFileReference; lastKnownFileType = sourcecode.swift; name = CommunityTableViewController.swift; path = VKApp/CommunityTableViewController.swift; sourceTree = SOURCE_ROOT; };
		91719C9D26032FEB00D87B2F /* CommunityTableViewCell.swift */ = {isa = PBXFileReference; lastKnownFileType = sourcecode.swift; path = CommunityTableViewCell.swift; sourceTree = "<group>"; };
		91719C9E26032FEB00D87B2F /* CommunityTableViewCell.xib */ = {isa = PBXFileReference; lastKnownFileType = file.xib; path = CommunityTableViewCell.xib; sourceTree = "<group>"; };
		91719CA22603351C00D87B2F /* NewCommunityTableViewController.swift */ = {isa = PBXFileReference; lastKnownFileType = sourcecode.swift; name = NewCommunityTableViewController.swift; path = VKApp/NewCommunityTableViewController.swift; sourceTree = SOURCE_ROOT; };
		9172C299260091D70050C33D /* SecondViewController.swift */ = {isa = PBXFileReference; lastKnownFileType = sourcecode.swift; path = SecondViewController.swift; sourceTree = "<group>"; };
		91B9DC9725FF784A00E49F0E /* VKApp.app */ = {isa = PBXFileReference; explicitFileType = wrapper.application; includeInIndex = 0; path = VKApp.app; sourceTree = BUILT_PRODUCTS_DIR; };
		91B9DC9A25FF784A00E49F0E /* AppDelegate.swift */ = {isa = PBXFileReference; lastKnownFileType = sourcecode.swift; path = AppDelegate.swift; sourceTree = "<group>"; };
		91B9DC9C25FF784A00E49F0E /* SceneDelegate.swift */ = {isa = PBXFileReference; lastKnownFileType = sourcecode.swift; path = SceneDelegate.swift; sourceTree = "<group>"; };
		91B9DCA125FF784A00E49F0E /* Base */ = {isa = PBXFileReference; lastKnownFileType = file.storyboard; name = Base; path = Base.lproj/Main.storyboard; sourceTree = "<group>"; };
		91B9DCA325FF784C00E49F0E /* Assets.xcassets */ = {isa = PBXFileReference; lastKnownFileType = folder.assetcatalog; path = Assets.xcassets; sourceTree = "<group>"; };
		91B9DCA625FF784C00E49F0E /* Base */ = {isa = PBXFileReference; lastKnownFileType = file.storyboard; name = Base; path = Base.lproj/LaunchScreen.storyboard; sourceTree = "<group>"; };
		91B9DCA825FF784C00E49F0E /* Info.plist */ = {isa = PBXFileReference; lastKnownFileType = text.plist.xml; path = Info.plist; sourceTree = "<group>"; };
/* End PBXFileReference section */

/* Begin PBXFrameworksBuildPhase section */
		91B9DC9425FF784A00E49F0E /* Frameworks */ = {
			isa = PBXFrameworksBuildPhase;
			buildActionMask = 2147483647;
			files = (
			);
			runOnlyForDeploymentPostprocessing = 0;
		};
/* End PBXFrameworksBuildPhase section */

/* Begin PBXGroup section */
		916053C02603E6F300A98272 /* XibFiles */ = {
			isa = PBXGroup;
			children = (
				91719C792602891400D87B2F /* FriendsListTableViewCell.xib */,
				91719C9E26032FEB00D87B2F /* CommunityTableViewCell.xib */,
				91719C93260319BB00D87B2F /* PodrobnoCollectionViewCell.xib */,
				916053B92603E23800A98272 /* PostTableViewCell.xib */,
			);
			path = XibFiles;
			sourceTree = "<group>";
		};
		916053C12603E70C00A98272 /* TableViewCell */ = {
			isa = PBXGroup;
			children = (
				912F52C926035E8D0043397E /* AllCommunityTableViewCell.swift */,
				91719C8A260315E600D87B2F /* FriendsListTableViewCell.swift */,
				91719C92260319BB00D87B2F /* PodrobnoCollectionViewCell.swift */,
				91719C9D26032FEB00D87B2F /* CommunityTableViewCell.swift */,
				91719C81260314FA00D87B2F /* DetailCollectionViewController.swift */,
				916053B82603E23800A98272 /* PostTableViewCell.swift */,
				916053C02603E6F300A98272 /* XibFiles */,
			);
			path = TableViewCell;
			sourceTree = "<group>";
		};
		91719C842603154A00D87B2F /* ViewControllers */ = {
			isa = PBXGroup;
			children = (
				916053D32604638E00A98272 /* FeedViewController.swift */,
				91719C8E2603160500D87B2F /* FeedTableViewController.swift */,
				916053C62603F18000A98272 /* HomeTableViewController.swift */,
				91719CA22603351C00D87B2F /* NewCommunityTableViewController.swift */,
				91719C9926032FC700D87B2F /* CommunityTableViewController.swift */,
				915E28D12600786B00E53974 /* LoginViewController.swift */,
			);
			path = ViewControllers;
			sourceTree = "<group>";
		};
		91B9DC8E25FF784A00E49F0E = {
			isa = PBXGroup;
			children = (
				91B9DC9925FF784A00E49F0E /* VKApp */,
				91B9DC9825FF784A00E49F0E /* Products */,
			);
			sourceTree = "<group>";
		};
		91B9DC9825FF784A00E49F0E /* Products */ = {
			isa = PBXGroup;
			children = (
				91B9DC9725FF784A00E49F0E /* VKApp.app */,
			);
			name = Products;
			sourceTree = "<group>";
		};
		91B9DC9925FF784A00E49F0E /* VKApp */ = {
			isa = PBXGroup;
			children = (
				9150D300260482C900247944 /* NewControl.swift */,
				91B9DC9A25FF784A00E49F0E /* AppDelegate.swift */,
				91719C842603154A00D87B2F /* ViewControllers */,
				91719C7E2602931700D87B2F /* Model.swift */,
				916053C12603E70C00A98272 /* TableViewCell */,
				91B9DC9C25FF784A00E49F0E /* SceneDelegate.swift */,
				91B9DCA025FF784A00E49F0E /* Main.storyboard */,
				916053CE260409DB00A98272 /* HorizontalControl.swift */,
				916053D72604794000A98272 /* VerticalControl.swift */,
				912F52CC2603B8180043397E /* CustomImage.swift */,
				916053BD2603E6E100A98272 /* LikeControll.swift */,
				91719C722601266B00D87B2F /* TabBarViewController.swift */,
				9172C299260091D70050C33D /* SecondViewController.swift */,
				91B9DCA325FF784C00E49F0E /* Assets.xcassets */,
				91B9DCA525FF784C00E49F0E /* LaunchScreen.storyboard */,
				91B9DCA825FF784C00E49F0E /* Info.plist */,
			);
			path = VKApp;
			sourceTree = "<group>";
		};
/* End PBXGroup section */

/* Begin PBXNativeTarget section */
		91B9DC9625FF784A00E49F0E /* VKApp */ = {
			isa = PBXNativeTarget;
			buildConfigurationList = 91B9DCAB25FF784C00E49F0E /* Build configuration list for PBXNativeTarget "VKApp" */;
			buildPhases = (
				91B9DC9325FF784A00E49F0E /* Sources */,
				91B9DC9425FF784A00E49F0E /* Frameworks */,
				91B9DC9525FF784A00E49F0E /* Resources */,
			);
			buildRules = (
			);
			dependencies = (
			);
			name = VKApp;
			productName = VKApp;
			productReference = 91B9DC9725FF784A00E49F0E /* VKApp.app */;
			productType = "com.apple.product-type.application";
		};
/* End PBXNativeTarget section */

/* Begin PBXProject section */
		91B9DC8F25FF784A00E49F0E /* Project object */ = {
			isa = PBXProject;
			attributes = {
				LastSwiftUpdateCheck = 1220;
				LastUpgradeCheck = 1220;
				TargetAttributes = {
					91B9DC9625FF784A00E49F0E = {
						CreatedOnToolsVersion = 12.2;
					};
				};
			};
			buildConfigurationList = 91B9DC9225FF784A00E49F0E /* Build configuration list for PBXProject "VKApp" */;
			compatibilityVersion = "Xcode 9.3";
			developmentRegion = en;
			hasScannedForEncodings = 0;
			knownRegions = (
				en,
				Base,
			);
			mainGroup = 91B9DC8E25FF784A00E49F0E;
			productRefGroup = 91B9DC9825FF784A00E49F0E /* Products */;
			projectDirPath = "";
			projectRoot = "";
			targets = (
				91B9DC9625FF784A00E49F0E /* VKApp */,
			);
		};
/* End PBXProject section */

/* Begin PBXResourcesBuildPhase section */
		91B9DC9525FF784A00E49F0E /* Resources */ = {
			isa = PBXResourcesBuildPhase;
			buildActionMask = 2147483647;
			files = (
				91B9DCA725FF784C00E49F0E /* LaunchScreen.storyboard in Resources */,
				91719C95260319BB00D87B2F /* PodrobnoCollectionViewCell.xib in Resources */,
				91B9DCA425FF784C00E49F0E /* Assets.xcassets in Resources */,
				91719CA026032FEB00D87B2F /* CommunityTableViewCell.xib in Resources */,
				916053BB2603E23800A98272 /* PostTableViewCell.xib in Resources */,
				91B9DCA225FF784A00E49F0E /* Main.storyboard in Resources */,
				91719C7B2602891400D87B2F /* FriendsListTableViewCell.xib in Resources */,
			);
			runOnlyForDeploymentPostprocessing = 0;
		};
/* End PBXResourcesBuildPhase section */

/* Begin PBXSourcesBuildPhase section */
		91B9DC9325FF784A00E49F0E /* Sources */ = {
			isa = PBXSourcesBuildPhase;
			buildActionMask = 2147483647;
			files = (
				9172C29A260091D70050C33D /* SecondViewController.swift in Sources */,
				916053D82604794000A98272 /* VerticalControl.swift in Sources */,
				91719C8B260315E600D87B2F /* FriendsListTableViewCell.swift in Sources */,
				916053D42604638E00A98272 /* FeedViewController.swift in Sources */,
				91719CA32603351C00D87B2F /* NewCommunityTableViewController.swift in Sources */,
				912F52CA26035E8D0043397E /* AllCommunityTableViewCell.swift in Sources */,
				915E28D22600786B00E53974 /* LoginViewController.swift in Sources */,
				91719C9F26032FEB00D87B2F /* CommunityTableViewCell.swift in Sources */,
				916053C72603F18000A98272 /* HomeTableViewController.swift in Sources */,
				91B9DC9B25FF784A00E49F0E /* AppDelegate.swift in Sources */,
				91719C732601266B00D87B2F /* TabBarViewController.swift in Sources */,
				91719C82260314FA00D87B2F /* DetailCollectionViewController.swift in Sources */,
				91719C9A26032FC700D87B2F /* CommunityTableViewController.swift in Sources */,
				91719C8F2603160500D87B2F /* FeedTableViewController.swift in Sources */,
				916053BA2603E23800A98272 /* PostTableViewCell.swift in Sources */,
				916053BE2603E6E100A98272 /* LikeControll.swift in Sources */,
				916053CF260409DB00A98272 /* HorizontalControl.swift in Sources */,
				912F52CD2603B8180043397E /* CustomImage.swift in Sources */,
				9150D301260482C900247944 /* NewControl.swift in Sources */,
				91B9DC9D25FF784A00E49F0E /* SceneDelegate.swift in Sources */,
				91719C94260319BB00D87B2F /* PodrobnoCollectionViewCell.swift in Sources */,
				91719C7F2602931700D87B2F /* Model.swift in Sources */,
			);
			runOnlyForDeploymentPostprocessing = 0;
		};
/* End PBXSourcesBuildPhase section */

/* Begin PBXVariantGroup section */
		91B9DCA025FF784A00E49F0E /* Main.storyboard */ = {
			isa = PBXVariantGroup;
			children = (
				91B9DCA125FF784A00E49F0E /* Base */,
			);
			name = Main.storyboard;
			sourceTree = "<group>";
		};
		91B9DCA525FF784C00E49F0E /* LaunchScreen.storyboard */ = {
			isa = PBXVariantGroup;
			children = (
				91B9DCA625FF784C00E49F0E /* Base */,
			);
			name = LaunchScreen.storyboard;
			sourceTree = "<group>";
		};
/* End PBXVariantGroup section */

/* Begin XCBuildConfiguration section */
		91B9DCA925FF784C00E49F0E /* Debug */ = {
			isa = XCBuildConfiguration;
			buildSettings = {
				ALWAYS_SEARCH_USER_PATHS = NO;
				CLANG_ANALYZER_NONNULL = YES;
				CLANG_ANALYZER_NUMBER_OBJECT_CONVERSION = YES_AGGRESSIVE;
				CLANG_CXX_LANGUAGE_STANDARD = "gnu++14";
				CLANG_CXX_LIBRARY = "libc++";
				CLANG_ENABLE_MODULES = YES;
				CLANG_ENABLE_OBJC_ARC = YES;
				CLANG_ENABLE_OBJC_WEAK = YES;
				CLANG_WARN_BLOCK_CAPTURE_AUTORELEASING = YES;
				CLANG_WARN_BOOL_CONVERSION = YES;
				CLANG_WARN_COMMA = YES;
				CLANG_WARN_CONSTANT_CONVERSION = YES;
				CLANG_WARN_DEPRECATED_OBJC_IMPLEMENTATIONS = YES;
				CLANG_WARN_DIRECT_OBJC_ISA_USAGE = YES_ERROR;
				CLANG_WARN_DOCUMENTATION_COMMENTS = YES;
				CLANG_WARN_EMPTY_BODY = YES;
				CLANG_WARN_ENUM_CONVERSION = YES;
				CLANG_WARN_INFINITE_RECURSION = YES;
				CLANG_WARN_INT_CONVERSION = YES;
				CLANG_WARN_NON_LITERAL_NULL_CONVERSION = YES;
				CLANG_WARN_OBJC_IMPLICIT_RETAIN_SELF = YES;
				CLANG_WARN_OBJC_LITERAL_CONVERSION = YES;
				CLANG_WARN_OBJC_ROOT_CLASS = YES_ERROR;
				CLANG_WARN_QUOTED_INCLUDE_IN_FRAMEWORK_HEADER = YES;
				CLANG_WARN_RANGE_LOOP_ANALYSIS = YES;
				CLANG_WARN_STRICT_PROTOTYPES = YES;
				CLANG_WARN_SUSPICIOUS_MOVE = YES;
				CLANG_WARN_UNGUARDED_AVAILABILITY = YES_AGGRESSIVE;
				CLANG_WARN_UNREACHABLE_CODE = YES;
				CLANG_WARN__DUPLICATE_METHOD_MATCH = YES;
				COPY_PHASE_STRIP = NO;
				DEBUG_INFORMATION_FORMAT = dwarf;
				ENABLE_STRICT_OBJC_MSGSEND = YES;
				ENABLE_TESTABILITY = YES;
				GCC_C_LANGUAGE_STANDARD = gnu11;
				GCC_DYNAMIC_NO_PIC = NO;
				GCC_NO_COMMON_BLOCKS = YES;
				GCC_OPTIMIZATION_LEVEL = 0;
				GCC_PREPROCESSOR_DEFINITIONS = (
					"DEBUG=1",
					"$(inherited)",
				);
				GCC_WARN_64_TO_32_BIT_CONVERSION = YES;
				GCC_WARN_ABOUT_RETURN_TYPE = YES_ERROR;
				GCC_WARN_UNDECLARED_SELECTOR = YES;
				GCC_WARN_UNINITIALIZED_AUTOS = YES_AGGRESSIVE;
				GCC_WARN_UNUSED_FUNCTION = YES;
				GCC_WARN_UNUSED_VARIABLE = YES;
				IPHONEOS_DEPLOYMENT_TARGET = 14.2;
				MTL_ENABLE_DEBUG_INFO = INCLUDE_SOURCE;
				MTL_FAST_MATH = YES;
				ONLY_ACTIVE_ARCH = YES;
				SDKROOT = iphoneos;
				SWIFT_ACTIVE_COMPILATION_CONDITIONS = DEBUG;
				SWIFT_OPTIMIZATION_LEVEL = "-Onone";
			};
			name = Debug;
		};
		91B9DCAA25FF784C00E49F0E /* Release */ = {
			isa = XCBuildConfiguration;
			buildSettings = {
				ALWAYS_SEARCH_USER_PATHS = NO;
				CLANG_ANALYZER_NONNULL = YES;
				CLANG_ANALYZER_NUMBER_OBJECT_CONVERSION = YES_AGGRESSIVE;
				CLANG_CXX_LANGUAGE_STANDARD = "gnu++14";
				CLANG_CXX_LIBRARY = "libc++";
				CLANG_ENABLE_MODULES = YES;
				CLANG_ENABLE_OBJC_ARC = YES;
				CLANG_ENABLE_OBJC_WEAK = YES;
				CLANG_WARN_BLOCK_CAPTURE_AUTORELEASING = YES;
				CLANG_WARN_BOOL_CONVERSION = YES;
				CLANG_WARN_COMMA = YES;
				CLANG_WARN_CONSTANT_CONVERSION = YES;
				CLANG_WARN_DEPRECATED_OBJC_IMPLEMENTATIONS = YES;
				CLANG_WARN_DIRECT_OBJC_ISA_USAGE = YES_ERROR;
				CLANG_WARN_DOCUMENTATION_COMMENTS = YES;
				CLANG_WARN_EMPTY_BODY = YES;
				CLANG_WARN_ENUM_CONVERSION = YES;
				CLANG_WARN_INFINITE_RECURSION = YES;
				CLANG_WARN_INT_CONVERSION = YES;
				CLANG_WARN_NON_LITERAL_NULL_CONVERSION = YES;
				CLANG_WARN_OBJC_IMPLICIT_RETAIN_SELF = YES;
				CLANG_WARN_OBJC_LITERAL_CONVERSION = YES;
				CLANG_WARN_OBJC_ROOT_CLASS = YES_ERROR;
				CLANG_WARN_QUOTED_INCLUDE_IN_FRAMEWORK_HEADER = YES;
				CLANG_WARN_RANGE_LOOP_ANALYSIS = YES;
				CLANG_WARN_STRICT_PROTOTYPES = YES;
				CLANG_WARN_SUSPICIOUS_MOVE = YES;
				CLANG_WARN_UNGUARDED_AVAILABILITY = YES_AGGRESSIVE;
				CLANG_WARN_UNREACHABLE_CODE = YES;
				CLANG_WARN__DUPLICATE_METHOD_MATCH = YES;
				COPY_PHASE_STRIP = NO;
				DEBUG_INFORMATION_FORMAT = "dwarf-with-dsym";
				ENABLE_NS_ASSERTIONS = NO;
				ENABLE_STRICT_OBJC_MSGSEND = YES;
				GCC_C_LANGUAGE_STANDARD = gnu11;
				GCC_NO_COMMON_BLOCKS = YES;
				GCC_WARN_64_TO_32_BIT_CONVERSION = YES;
				GCC_WARN_ABOUT_RETURN_TYPE = YES_ERROR;
				GCC_WARN_UNDECLARED_SELECTOR = YES;
				GCC_WARN_UNINITIALIZED_AUTOS = YES_AGGRESSIVE;
				GCC_WARN_UNUSED_FUNCTION = YES;
				GCC_WARN_UNUSED_VARIABLE = YES;
				IPHONEOS_DEPLOYMENT_TARGET = 14.2;
				MTL_ENABLE_DEBUG_INFO = NO;
				MTL_FAST_MATH = YES;
				SDKROOT = iphoneos;
				SWIFT_COMPILATION_MODE = wholemodule;
				SWIFT_OPTIMIZATION_LEVEL = "-O";
				VALIDATE_PRODUCT = YES;
			};
			name = Release;
		};
		91B9DCAC25FF784C00E49F0E /* Debug */ = {
			isa = XCBuildConfiguration;
			buildSettings = {
				ASSETCATALOG_COMPILER_APPICON_NAME = AppIcon;
				ASSETCATALOG_COMPILER_GLOBAL_ACCENT_COLOR_NAME = AccentColor;
				CODE_SIGN_STYLE = Automatic;
				DEVELOPMENT_TEAM = 64DC849HA5;
				INFOPLIST_FILE = VKApp/Info.plist;
				LD_RUNPATH_SEARCH_PATHS = (
					"$(inherited)",
					"@executable_path/Frameworks",
				);
				PRODUCT_BUNDLE_IDENTIFIER = arturkaGedakyan.com.VKApp;
				PRODUCT_NAME = "$(TARGET_NAME)";
				SWIFT_VERSION = 5.0;
				TARGETED_DEVICE_FAMILY = "1,2";
			};
			name = Debug;
		};
		91B9DCAD25FF784C00E49F0E /* Release */ = {
			isa = XCBuildConfiguration;
			buildSettings = {
				ASSETCATALOG_COMPILER_APPICON_NAME = AppIcon;
				ASSETCATALOG_COMPILER_GLOBAL_ACCENT_COLOR_NAME = AccentColor;
				CODE_SIGN_STYLE = Automatic;
				DEVELOPMENT_TEAM = 64DC849HA5;
				INFOPLIST_FILE = VKApp/Info.plist;
				LD_RUNPATH_SEARCH_PATHS = (
					"$(inherited)",
					"@executable_path/Frameworks",
				);
				PRODUCT_BUNDLE_IDENTIFIER = arturkaGedakyan.com.VKApp;
				PRODUCT_NAME = "$(TARGET_NAME)";
				SWIFT_VERSION = 5.0;
				TARGETED_DEVICE_FAMILY = "1,2";
			};
			name = Release;
		};
/* End XCBuildConfiguration section */

/* Begin XCConfigurationList section */
		91B9DC9225FF784A00E49F0E /* Build configuration list for PBXProject "VKApp" */ = {
			isa = XCConfigurationList;
			buildConfigurations = (
				91B9DCA925FF784C00E49F0E /* Debug */,
				91B9DCAA25FF784C00E49F0E /* Release */,
			);
			defaultConfigurationIsVisible = 0;
			defaultConfigurationName = Release;
		};
		91B9DCAB25FF784C00E49F0E /* Build configuration list for PBXNativeTarget "VKApp" */ = {
			isa = XCConfigurationList;
			buildConfigurations = (
				91B9DCAC25FF784C00E49F0E /* Debug */,
				91B9DCAD25FF784C00E49F0E /* Release */,
			);
			defaultConfigurationIsVisible = 0;
			defaultConfigurationName = Release;
		};
/* End XCConfigurationList section */
	};
	rootObject = 91B9DC8F25FF784A00E49F0E /* Project object */;
}
